{
  "version": 4,
  "terraform_version": "1.13.3",
  "serial": 34,
  "lineage": "f605693a-3ba1-19af-224f-f9ce0d415a96",
  "outputs": {},
  "resources": [
    {
      "mode": "managed",
      "type": "aws_ebs_volume",
      "name": "data",
      "provider": "provider[\"registry.terraform.io/hashicorp/aws\"]",
      "instances": [
        {
          "index_key": 0,
          "schema_version": 0,
          "attributes": {
            "arn": "arn:aws:ec2:us-east-1::volume/vol-7cb26b847b204726a1b0bd2e62be1ff7",
            "availability_zone": "symphony",
            "encrypted": false,
            "id": "vol-7cb26b847b204726a1b0bd2e62be1ff7",
            "iops": 0,
            "kms_key_id": "",
            "multi_attach_enabled": false,
            "outpost_arn": "",
            "size": 15,
            "snapshot_id": "",
            "tags": null,
            "tags_all": {},
            "throughput": 0,
            "type": "gp2"
          },
          "sensitive_attributes": [],
          "identity_schema_version": 0,
          "private": "bnVsbA=="
        },
        {
          "index_key": 1,
          "schema_version": 0,
          "attributes": {
            "arn": "arn:aws:ec2:us-east-1::volume/vol-7529b0795a7d40349e44cc4a81f366ab",
            "availability_zone": "symphony",
            "encrypted": false,
            "id": "vol-7529b0795a7d40349e44cc4a81f366ab",
            "iops": 0,
            "kms_key_id": "",
            "multi_attach_enabled": false,
            "outpost_arn": "",
            "size": 15,
            "snapshot_id": "",
            "tags": null,
            "tags_all": {},
            "throughput": 0,
            "type": "gp2"
          },
          "sensitive_attributes": [],
          "identity_schema_version": 0,
          "private": "bnVsbA=="
        },
        {
          "index_key": 2,
          "schema_version": 0,
          "attributes": {
            "arn": "arn:aws:ec2:us-east-1::volume/vol-1e90f5c3e305466b8d01d584fa65cd52",
            "availability_zone": "symphony",
            "encrypted": false,
            "id": "vol-1e90f5c3e305466b8d01d584fa65cd52",
            "iops": 0,
            "kms_key_id": "",
            "multi_attach_enabled": false,
            "outpost_arn": "",
            "size": 15,
            "snapshot_id": "",
            "tags": null,
            "tags_all": {},
            "throughput": 0,
            "type": "gp2"
          },
          "sensitive_attributes": [],
          "identity_schema_version": 0,
          "private": "bnVsbA=="
        },
        {
          "index_key": 3,
          "schema_version": 0,
          "attributes": {
            "arn": "arn:aws:ec2:us-east-1::volume/vol-cdb9b82f4bda41b8b1ee9887d55844c6",
            "availability_zone": "symphony",
            "encrypted": false,
            "id": "vol-cdb9b82f4bda41b8b1ee9887d55844c6",
            "iops": 0,
            "kms_key_id": "",
            "multi_attach_enabled": false,
            "outpost_arn": "",
            "size": 15,
            "snapshot_id": "",
            "tags": null,
            "tags_all": {},
            "throughput": 0,
            "type": "gp2"
          },
          "sensitive_attributes": [],
          "identity_schema_version": 0,
          "private": "bnVsbA=="
        },
        {
          "index_key": 4,
          "schema_version": 0,
          "attributes": {
            "arn": "arn:aws:ec2:us-east-1::volume/vol-baf98a6376f84f3db970b8cf66736e2f",
            "availability_zone": "symphony",
            "encrypted": false,
            "id": "vol-baf98a6376f84f3db970b8cf66736e2f",
            "iops": 0,
            "kms_key_id": "",
            "multi_attach_enabled": false,
            "outpost_arn": "",
            "size": 15,
            "snapshot_id": "",
            "tags": null,
            "tags_all": {},
            "throughput": 0,
            "type": "gp2"
          },
          "sensitive_attributes": [],
          "identity_schema_version": 0,
          "private": "bnVsbA=="
        },
        {
          "index_key": 5,
          "schema_version": 0,
          "attributes": {
            "arn": "arn:aws:ec2:us-east-1::volume/vol-e86f2b58216e4d8985f01cfff16d3e5e",
            "availability_zone": "symphony",
            "encrypted": false,
            "id": "vol-e86f2b58216e4d8985f01cfff16d3e5e",
            "iops": 0,
            "kms_key_id": "",
            "multi_attach_enabled": false,
            "outpost_arn": "",
            "size": 15,
            "snapshot_id": "",
            "tags": null,
            "tags_all": {},
            "throughput": 0,
            "type": "gp2"
          },
          "sensitive_attributes": [],
          "identity_schema_version": 0,
          "private": "bnVsbA=="
        },
        {
          "index_key": 6,
          "schema_version": 0,
          "attributes": {
            "arn": "arn:aws:ec2:us-east-1::volume/vol-c6e172070cd04e36ac4b98172c414513",
            "availability_zone": "symphony",
            "encrypted": false,
            "id": "vol-c6e172070cd04e36ac4b98172c414513",
            "iops": 0,
            "kms_key_id": "",
            "multi_attach_enabled": false,
            "outpost_arn": "",
            "size": 15,
            "snapshot_id": "",
            "tags": null,
            "tags_all": {},
            "throughput": 0,
            "type": "gp2"
          },
          "sensitive_attributes": [],
          "identity_schema_version": 0,
          "private": "bnVsbA=="
        },
        {
          "index_key": 7,
          "schema_version": 0,
          "attributes": {
            "arn": "arn:aws:ec2:us-east-1::volume/vol-c6e1830c3252435abcb696cd2d9e0889",
            "availability_zone": "symphony",
            "encrypted": false,
            "id": "vol-c6e1830c3252435abcb696cd2d9e0889",
            "iops": 0,
            "kms_key_id": "",
            "multi_attach_enabled": false,
            "outpost_arn": "",
            "size": 15,
            "snapshot_id": "",
            "tags": null,
            "tags_all": {},
            "throughput": 0,
            "type": "gp2"
          },
          "sensitive_attributes": [],
          "identity_schema_version": 0,
          "private": "bnVsbA=="
        },
        {
          "index_key": 8,
          "schema_version": 0,
          "attributes": {
            "arn": "arn:aws:ec2:us-east-1::volume/vol-b3ea25b15d944a05a76a4295a7b7fd82",
            "availability_zone": "symphony",
            "encrypted": false,
            "id": "vol-b3ea25b15d944a05a76a4295a7b7fd82",
            "iops": 0,
            "kms_key_id": "",
            "multi_attach_enabled": false,
            "outpost_arn": "",
            "size": 15,
            "snapshot_id": "",
            "tags": null,
            "tags_all": {},
            "throughput": 0,
            "type": "gp2"
          },
          "sensitive_attributes": [],
          "identity_schema_version": 0,
          "private": "bnVsbA=="
        },
        {
          "index_key": 9,
          "schema_version": 0,
          "attributes": {
            "arn": "arn:aws:ec2:us-east-1::volume/vol-e50a533623d1468b94cbcbfc3daaf8f0",
            "availability_zone": "symphony",
            "encrypted": false,
            "id": "vol-e50a533623d1468b94cbcbfc3daaf8f0",
            "iops": 0,
            "kms_key_id": "",
            "multi_attach_enabled": false,
            "outpost_arn": "",
            "size": 15,
            "snapshot_id": "",
            "tags": null,
            "tags_all": {},
            "throughput": 0,
            "type": "gp2"
          },
          "sensitive_attributes": [],
          "identity_schema_version": 0,
          "private": "bnVsbA=="
        }
      ]
    },
    {
      "mode": "managed",
      "type": "aws_instance",
      "name": "vm",
      "provider": "provider[\"registry.terraform.io/hashicorp/aws\"]",
      "instances": [
        {
          "index_key": 0,
          "schema_version": 1,
          "attributes": {
            "ami": "ami-63107c1d43b54f1d893c7bf4aed42372",
            "arn": "arn:aws:ec2:us-east-1::instance/i-00332306f5e14bfb9724bc38da9c61b0",
            "associate_public_ip_address": false,
            "availability_zone": "symphony",
            "capacity_reservation_specification": [],
            "cpu_core_count": null,
            "cpu_threads_per_core": null,
            "credit_specification": [
              {
                "cpu_credits": "standard"
              }
            ],
            "disable_api_termination": false,
            "ebs_block_device": [],
            "ebs_optimized": false,
            "enclave_options": [],
            "ephemeral_block_device": [],
            "get_password_data": false,
            "hibernation": null,
            "host_id": null,
            "iam_instance_profile": "",
            "id": "i-00332306f5e14bfb9724bc38da9c61b0",
            "instance_initiated_shutdown_behavior": "stop",
            "instance_state": "running",
            "instance_type": "t3.medium",
            "ipv6_address_count": 0,
            "ipv6_addresses": [],
            "key_name": "nkqa10-key",
            "launch_template": [],
            "metadata_options": [],
            "monitoring": false,
            "network_interface": [],
            "outpost_arn": "",
            "password_data": "",
            "placement_group": "",
            "placement_partition_number": null,
            "primary_network_interface_id": "eni-d4d311b8f4fe485f88526c84281abfc2",
            "private_dns": "zadara-io-vm-0.symphony.local",
            "private_ip": "10.10.1.153",
            "public_dns": "",
            "public_ip": "",
            "root_block_device": [
              {
                "delete_on_termination": true,
                "device_name": "/dev/vda",
                "encrypted": false,
                "iops": 0,
                "kms_key_id": "",
                "tags": {
                  "Name": "zadara-io-vm-0"
                },
                "throughput": 0,
                "volume_id": "vol-75dfafdb00644885b085048a0e80a8ef",
                "volume_size": 3,
                "volume_type": "gp2"
              }
            ],
            "secondary_private_ips": [],
            "security_groups": [],
            "source_dest_check": true,
            "subnet_id": "subnet-bbff928efa664659bec36494599d194a",
            "tags": {
              "Name": "zadara-io-vm-0"
            },
            "tags_all": {
              "Name": "zadara-io-vm-0"
            },
            "tenancy": "default",
            "timeouts": null,
            "user_data": "03312c5b670000753ec6cdbaacd94c066778f16d",
            "user_data_base64": null,
            "volume_tags": null,
            "vpc_security_group_ids": [
              "sg-a045ba41a81a4cf6a5dcf53a0444867b"
            ]
          },
          "sensitive_attributes": [],
          "identity_schema_version": 0,
          "private": "eyJlMmJmYjczMC1lY2FhLTExZTYtOGY4OC0zNDM2M2JjN2M0YzAiOnsiY3JlYXRlIjo2MDAwMDAwMDAwMDAsImRlbGV0ZSI6MTIwMDAwMDAwMDAwMCwidXBkYXRlIjo2MDAwMDAwMDAwMDB9LCJzY2hlbWFfdmVyc2lvbiI6IjEifQ==",
          "dependencies": [
            "aws_security_group.allow_all",
            "aws_subnet.main",
            "aws_vpc.main"
          ]
        },
        {
          "index_key": 1,
          "schema_version": 1,
          "attributes": {
            "ami": "ami-63107c1d43b54f1d893c7bf4aed42372",
            "arn": "arn:aws:ec2:us-east-1::instance/i-abfee9ce7348472bafcbe4a07425d823",
            "associate_public_ip_address": false,
            "availability_zone": "symphony",
            "capacity_reservation_specification": [],
            "cpu_core_count": null,
            "cpu_threads_per_core": null,
            "credit_specification": [
              {
                "cpu_credits": "standard"
              }
            ],
            "disable_api_termination": false,
            "ebs_block_device": [],
            "ebs_optimized": false,
            "enclave_options": [],
            "ephemeral_block_device": [],
            "get_password_data": false,
            "hibernation": null,
            "host_id": null,
            "iam_instance_profile": "",
            "id": "i-abfee9ce7348472bafcbe4a07425d823",
            "instance_initiated_shutdown_behavior": "stop",
            "instance_state": "running",
            "instance_type": "t3.medium",
            "ipv6_address_count": 0,
            "ipv6_addresses": [],
            "key_name": "nkqa10-key",
            "launch_template": [],
            "metadata_options": [],
            "monitoring": false,
            "network_interface": [],
            "outpost_arn": "",
            "password_data": "",
            "placement_group": "",
            "placement_partition_number": null,
            "primary_network_interface_id": "eni-fa87113f416447e9816bdcd1b45f5c0a",
            "private_dns": "zadara-io-vm-1.symphony.local",
            "private_ip": "10.10.1.128",
            "public_dns": "",
            "public_ip": "",
            "root_block_device": [
              {
                "delete_on_termination": true,
                "device_name": "/dev/vda",
                "encrypted": false,
                "iops": 0,
                "kms_key_id": "",
                "tags": {
                  "Name": "zadara-io-vm-1"
                },
                "throughput": 0,
                "volume_id": "vol-000baf201b284f3b815e85e2d3b944d0",
                "volume_size": 3,
                "volume_type": "gp2"
              }
            ],
            "secondary_private_ips": [],
            "security_groups": [],
            "source_dest_check": true,
            "subnet_id": "subnet-bbff928efa664659bec36494599d194a",
            "tags": {
              "Name": "zadara-io-vm-1"
            },
            "tags_all": {
              "Name": "zadara-io-vm-1"
            },
            "tenancy": "default",
            "timeouts": null,
            "user_data": "03312c5b670000753ec6cdbaacd94c066778f16d",
            "user_data_base64": null,
            "volume_tags": null,
            "vpc_security_group_ids": [
              "sg-a045ba41a81a4cf6a5dcf53a0444867b"
            ]
          },
          "sensitive_attributes": [],
          "identity_schema_version": 0,
          "private": "eyJlMmJmYjczMC1lY2FhLTExZTYtOGY4OC0zNDM2M2JjN2M0YzAiOnsiY3JlYXRlIjo2MDAwMDAwMDAwMDAsImRlbGV0ZSI6MTIwMDAwMDAwMDAwMCwidXBkYXRlIjo2MDAwMDAwMDAwMDB9LCJzY2hlbWFfdmVyc2lvbiI6IjEifQ==",
          "dependencies": [
            "aws_security_group.allow_all",
            "aws_subnet.main",
            "aws_vpc.main"
          ]
        },
        {
          "index_key": 2,
          "schema_version": 1,
          "attributes": {
            "ami": "ami-63107c1d43b54f1d893c7bf4aed42372",
            "arn": "arn:aws:ec2:us-east-1::instance/i-bab04624ed114d35aa044ce7142d1a81",
            "associate_public_ip_address": false,
            "availability_zone": "symphony",
            "capacity_reservation_specification": [],
            "cpu_core_count": null,
            "cpu_threads_per_core": null,
            "credit_specification": [
              {
                "cpu_credits": "standard"
              }
            ],
            "disable_api_termination": false,
            "ebs_block_device": [],
            "ebs_optimized": false,
            "enclave_options": [],
            "ephemeral_block_device": [],
            "get_password_data": false,
            "hibernation": null,
            "host_id": null,
            "iam_instance_profile": "",
            "id": "i-bab04624ed114d35aa044ce7142d1a81",
            "instance_initiated_shutdown_behavior": "stop",
            "instance_state": "running",
            "instance_type": "t3.medium",
            "ipv6_address_count": 0,
            "ipv6_addresses": [],
            "key_name": "nkqa10-key",
            "launch_template": [],
            "metadata_options": [],
            "monitoring": false,
            "network_interface": [],
            "outpost_arn": "",
            "password_data": "",
            "placement_group": "",
            "placement_partition_number": null,
            "primary_network_interface_id": "eni-f1ca1617232e4196ab8910f2b3190d57",
            "private_dns": "zadara-io-vm-2.symphony.local",
            "private_ip": "10.10.1.5",
            "public_dns": "",
            "public_ip": "",
            "root_block_device": [
              {
                "delete_on_termination": true,
                "device_name": "/dev/vda",
                "encrypted": false,
                "iops": 0,
                "kms_key_id": "",
                "tags": {
                  "Name": "zadara-io-vm-2"
                },
                "throughput": 0,
                "volume_id": "vol-cfa3073d1bc84f94954d3bc8c7abcafe",
                "volume_size": 3,
                "volume_type": "gp2"
              }
            ],
            "secondary_private_ips": [],
            "security_groups": [],
            "source_dest_check": true,
            "subnet_id": "subnet-bbff928efa664659bec36494599d194a",
            "tags": {
              "Name": "zadara-io-vm-2"
            },
            "tags_all": {
              "Name": "zadara-io-vm-2"
            },
            "tenancy": "default",
            "timeouts": null,
            "user_data": "03312c5b670000753ec6cdbaacd94c066778f16d",
            "user_data_base64": null,
            "volume_tags": null,
            "vpc_security_group_ids": [
              "sg-a045ba41a81a4cf6a5dcf53a0444867b"
            ]
          },
          "sensitive_attributes": [],
          "identity_schema_version": 0,
          "private": "eyJlMmJmYjczMC1lY2FhLTExZTYtOGY4OC0zNDM2M2JjN2M0YzAiOnsiY3JlYXRlIjo2MDAwMDAwMDAwMDAsImRlbGV0ZSI6MTIwMDAwMDAwMDAwMCwidXBkYXRlIjo2MDAwMDAwMDAwMDB9LCJzY2hlbWFfdmVyc2lvbiI6IjEifQ==",
          "dependencies": [
            "aws_security_group.allow_all",
            "aws_subnet.main",
            "aws_vpc.main"
          ]
        },
        {
          "index_key": 3,
          "schema_version": 1,
          "attributes": {
            "ami": "ami-63107c1d43b54f1d893c7bf4aed42372",
            "arn": "arn:aws:ec2:us-east-1::instance/i-b3ecfc44274e455abe42436f1641abe0",
            "associate_public_ip_address": false,
            "availability_zone": "symphony",
            "capacity_reservation_specification": [],
            "cpu_core_count": null,
            "cpu_threads_per_core": null,
            "credit_specification": [
              {
                "cpu_credits": "standard"
              }
            ],
            "disable_api_termination": false,
            "ebs_block_device": [],
            "ebs_optimized": false,
            "enclave_options": [],
            "ephemeral_block_device": [],
            "get_password_data": false,
            "hibernation": null,
            "host_id": null,
            "iam_instance_profile": "",
            "id": "i-b3ecfc44274e455abe42436f1641abe0",
            "instance_initiated_shutdown_behavior": "stop",
            "instance_state": "running",
            "instance_type": "t3.medium",
            "ipv6_address_count": 0,
            "ipv6_addresses": [],
            "key_name": "nkqa10-key",
            "launch_template": [],
            "metadata_options": [],
            "monitoring": false,
            "network_interface": [],
            "outpost_arn": "",
            "password_data": "",
            "placement_group": "",
            "placement_partition_number": null,
            "primary_network_interface_id": "eni-542941319d5d4121852cb6377da2ab9e",
            "private_dns": "zadara-io-vm-3.symphony.local",
            "private_ip": "10.10.1.229",
            "public_dns": "",
            "public_ip": "",
            "root_block_device": [
              {
                "delete_on_termination": true,
                "device_name": "/dev/vda",
                "encrypted": false,
                "iops": 0,
                "kms_key_id": "",
                "tags": {
                  "Name": "zadara-io-vm-3"
                },
                "throughput": 0,
                "volume_id": "vol-11f7a720c0ee4d12bf99bc3286693737",
                "volume_size": 3,
                "volume_type": "gp2"
              }
            ],
            "secondary_private_ips": [],
            "security_groups": [],
            "source_dest_check": true,
            "subnet_id": "subnet-bbff928efa664659bec36494599d194a",
            "tags": {
              "Name": "zadara-io-vm-3"
            },
            "tags_all": {
              "Name": "zadara-io-vm-3"
            },
            "tenancy": "default",
            "timeouts": null,
            "user_data": "03312c5b670000753ec6cdbaacd94c066778f16d",
            "user_data_base64": null,
            "volume_tags": null,
            "vpc_security_group_ids": [
              "sg-a045ba41a81a4cf6a5dcf53a0444867b"
            ]
          },
          "sensitive_attributes": [],
          "identity_schema_version": 0,
          "private": "eyJlMmJmYjczMC1lY2FhLTExZTYtOGY4OC0zNDM2M2JjN2M0YzAiOnsiY3JlYXRlIjo2MDAwMDAwMDAwMDAsImRlbGV0ZSI6MTIwMDAwMDAwMDAwMCwidXBkYXRlIjo2MDAwMDAwMDAwMDB9LCJzY2hlbWFfdmVyc2lvbiI6IjEifQ==",
          "dependencies": [
            "aws_security_group.allow_all",
            "aws_subnet.main",
            "aws_vpc.main"
          ]
        },
        {
          "index_key": 4,
          "schema_version": 1,
          "attributes": {
            "ami": "ami-63107c1d43b54f1d893c7bf4aed42372",
            "arn": "arn:aws:ec2:us-east-1::instance/i-a4d6e8b73b634df891f4d30581343a1e",
            "associate_public_ip_address": false,
            "availability_zone": "symphony",
            "capacity_reservation_specification": [],
            "cpu_core_count": null,
            "cpu_threads_per_core": null,
            "credit_specification": [
              {
                "cpu_credits": "standard"
              }
            ],
            "disable_api_termination": false,
            "ebs_block_device": [],
            "ebs_optimized": false,
            "enclave_options": [],
            "ephemeral_block_device": [],
            "get_password_data": false,
            "hibernation": null,
            "host_id": null,
            "iam_instance_profile": "",
            "id": "i-a4d6e8b73b634df891f4d30581343a1e",
            "instance_initiated_shutdown_behavior": "stop",
            "instance_state": "running",
            "instance_type": "t3.medium",
            "ipv6_address_count": 0,
            "ipv6_addresses": [],
            "key_name": "nkqa10-key",
            "launch_template": [],
            "metadata_options": [],
            "monitoring": false,
            "network_interface": [],
            "outpost_arn": "",
            "password_data": "",
            "placement_group": "",
            "placement_partition_number": null,
            "primary_network_interface_id": "eni-4812bc142e5f4a5bbe4aa0c9873fbf09",
            "private_dns": "zadara-io-vm-4.symphony.local",
            "private_ip": "10.10.1.86",
            "public_dns": "",
            "public_ip": "",
            "root_block_device": [
              {
                "delete_on_termination": true,
                "device_name": "/dev/vda",
                "encrypted": false,
                "iops": 0,
                "kms_key_id": "",
                "tags": {
                  "Name": "zadara-io-vm-4"
                },
                "throughput": 0,
                "volume_id": "vol-6aeb8adf4903437482adbf739ec4a4fd",
                "volume_size": 3,
                "volume_type": "gp2"
              }
            ],
            "secondary_private_ips": [],
            "security_groups": [],
            "source_dest_check": true,
            "subnet_id": "subnet-bbff928efa664659bec36494599d194a",
            "tags": {
              "Name": "zadara-io-vm-4"
            },
            "tags_all": {
              "Name": "zadara-io-vm-4"
            },
            "tenancy": "default",
            "timeouts": null,
            "user_data": "03312c5b670000753ec6cdbaacd94c066778f16d",
            "user_data_base64": null,
            "volume_tags": null,
            "vpc_security_group_ids": [
              "sg-a045ba41a81a4cf6a5dcf53a0444867b"
            ]
          },
          "sensitive_attributes": [],
          "identity_schema_version": 0,
          "private": "eyJlMmJmYjczMC1lY2FhLTExZTYtOGY4OC0zNDM2M2JjN2M0YzAiOnsiY3JlYXRlIjo2MDAwMDAwMDAwMDAsImRlbGV0ZSI6MTIwMDAwMDAwMDAwMCwidXBkYXRlIjo2MDAwMDAwMDAwMDB9LCJzY2hlbWFfdmVyc2lvbiI6IjEifQ==",
          "dependencies": [
            "aws_security_group.allow_all",
            "aws_subnet.main",
            "aws_vpc.main"
          ]
        },
        {
          "index_key": 5,
          "schema_version": 1,
          "attributes": {
            "ami": "ami-63107c1d43b54f1d893c7bf4aed42372",
            "arn": "arn:aws:ec2:us-east-1::instance/i-c4a34b4851744deebd038894ec162c18",
            "associate_public_ip_address": false,
            "availability_zone": "symphony",
            "capacity_reservation_specification": [],
            "cpu_core_count": null,
            "cpu_threads_per_core": null,
            "credit_specification": [
              {
                "cpu_credits": "standard"
              }
            ],
            "disable_api_termination": false,
            "ebs_block_device": [],
            "ebs_optimized": false,
            "enclave_options": [],
            "ephemeral_block_device": [],
            "get_password_data": false,
            "hibernation": null,
            "host_id": null,
            "iam_instance_profile": "",
            "id": "i-c4a34b4851744deebd038894ec162c18",
            "instance_initiated_shutdown_behavior": "stop",
            "instance_state": "running",
            "instance_type": "t3.medium",
            "ipv6_address_count": 0,
            "ipv6_addresses": [],
            "key_name": "nkqa10-key",
            "launch_template": [],
            "metadata_options": [],
            "monitoring": false,
            "network_interface": [],
            "outpost_arn": "",
            "password_data": "",
            "placement_group": "",
            "placement_partition_number": null,
            "primary_network_interface_id": "eni-832001afc89e43898afeb18b033609c5",
            "private_dns": "zadara-io-vm-5.symphony.local",
            "private_ip": "10.10.1.194",
            "public_dns": "",
            "public_ip": "",
            "root_block_device": [
              {
                "delete_on_termination": true,
                "device_name": "/dev/vda",
                "encrypted": false,
                "iops": 0,
                "kms_key_id": "",
                "tags": {
                  "Name": "zadara-io-vm-5"
                },
                "throughput": 0,
                "volume_id": "vol-77a8569fda3c43d5a971603ea12f908c",
                "volume_size": 3,
                "volume_type": "gp2"
              }
            ],
            "secondary_private_ips": [],
            "security_groups": [],
            "source_dest_check": true,
            "subnet_id": "subnet-bbff928efa664659bec36494599d194a",
            "tags": {
              "Name": "zadara-io-vm-5"
            },
            "tags_all": {
              "Name": "zadara-io-vm-5"
            },
            "tenancy": "default",
            "timeouts": null,
            "user_data": "03312c5b670000753ec6cdbaacd94c066778f16d",
            "user_data_base64": null,
            "volume_tags": null,
            "vpc_security_group_ids": [
              "sg-a045ba41a81a4cf6a5dcf53a0444867b"
            ]
          },
          "sensitive_attributes": [],
          "identity_schema_version": 0,
          "private": "eyJlMmJmYjczMC1lY2FhLTExZTYtOGY4OC0zNDM2M2JjN2M0YzAiOnsiY3JlYXRlIjo2MDAwMDAwMDAwMDAsImRlbGV0ZSI6MTIwMDAwMDAwMDAwMCwidXBkYXRlIjo2MDAwMDAwMDAwMDB9LCJzY2hlbWFfdmVyc2lvbiI6IjEifQ==",
          "dependencies": [
            "aws_security_group.allow_all",
            "aws_subnet.main",
            "aws_vpc.main"
          ]
        },
        {
          "index_key": 6,
          "schema_version": 1,
          "attributes": {
            "ami": "ami-63107c1d43b54f1d893c7bf4aed42372",
            "arn": "arn:aws:ec2:us-east-1::instance/i-9f81f3c147ba445198d3f3fcf9b2125c",
            "associate_public_ip_address": false,
            "availability_zone": "symphony",
            "capacity_reservation_specification": [],
            "cpu_core_count": null,
            "cpu_threads_per_core": null,
            "credit_specification": [
              {
                "cpu_credits": "standard"
              }
            ],
            "disable_api_termination": false,
            "ebs_block_device": [],
            "ebs_optimized": false,
            "enclave_options": [],
            "ephemeral_block_device": [],
            "get_password_data": false,
            "hibernation": null,
            "host_id": null,
            "iam_instance_profile": "",
            "id": "i-9f81f3c147ba445198d3f3fcf9b2125c",
            "instance_initiated_shutdown_behavior": "stop",
            "instance_state": "running",
            "instance_type": "t3.medium",
            "ipv6_address_count": 0,
            "ipv6_addresses": [],
            "key_name": "nkqa10-key",
            "launch_template": [],
            "metadata_options": [],
            "monitoring": false,
            "network_interface": [],
            "outpost_arn": "",
            "password_data": "",
            "placement_group": "",
            "placement_partition_number": null,
            "primary_network_interface_id": "eni-2e98decee9f94687a8a12441511641fa",
            "private_dns": "zadara-io-vm-6.symphony.local",
            "private_ip": "10.10.1.6",
            "public_dns": "",
            "public_ip": "",
            "root_block_device": [
              {
                "delete_on_termination": true,
                "device_name": "/dev/vda",
                "encrypted": false,
                "iops": 0,
                "kms_key_id": "",
                "tags": {
                  "Name": "zadara-io-vm-6"
                },
                "throughput": 0,
                "volume_id": "vol-df493310104947289861dac5910f986b",
                "volume_size": 3,
                "volume_type": "gp2"
              }
            ],
            "secondary_private_ips": [],
            "security_groups": [],
            "source_dest_check": true,
            "subnet_id": "subnet-bbff928efa664659bec36494599d194a",
            "tags": {
              "Name": "zadara-io-vm-6"
            },
            "tags_all": {
              "Name": "zadara-io-vm-6"
            },
            "tenancy": "default",
            "timeouts": null,
            "user_data": "03312c5b670000753ec6cdbaacd94c066778f16d",
            "user_data_base64": null,
            "volume_tags": null,
            "vpc_security_group_ids": [
              "sg-a045ba41a81a4cf6a5dcf53a0444867b"
            ]
          },
          "sensitive_attributes": [],
          "identity_schema_version": 0,
          "private": "eyJlMmJmYjczMC1lY2FhLTExZTYtOGY4OC0zNDM2M2JjN2M0YzAiOnsiY3JlYXRlIjo2MDAwMDAwMDAwMDAsImRlbGV0ZSI6MTIwMDAwMDAwMDAwMCwidXBkYXRlIjo2MDAwMDAwMDAwMDB9LCJzY2hlbWFfdmVyc2lvbiI6IjEifQ==",
          "dependencies": [
            "aws_security_group.allow_all",
            "aws_subnet.main",
            "aws_vpc.main"
          ]
        },
        {
          "index_key": 7,
          "schema_version": 1,
          "attributes": {
            "ami": "ami-63107c1d43b54f1d893c7bf4aed42372",
            "arn": "arn:aws:ec2:us-east-1::instance/i-1607ada1f7c9418481b539fd428ecb9d",
            "associate_public_ip_address": false,
            "availability_zone": "symphony",
            "capacity_reservation_specification": [],
            "cpu_core_count": null,
            "cpu_threads_per_core": null,
            "credit_specification": [
              {
                "cpu_credits": "standard"
              }
            ],
            "disable_api_termination": false,
            "ebs_block_device": [],
            "ebs_optimized": false,
            "enclave_options": [],
            "ephemeral_block_device": [],
            "get_password_data": false,
            "hibernation": null,
            "host_id": null,
            "iam_instance_profile": "",
            "id": "i-1607ada1f7c9418481b539fd428ecb9d",
            "instance_initiated_shutdown_behavior": "stop",
            "instance_state": "running",
            "instance_type": "t3.medium",
            "ipv6_address_count": 0,
            "ipv6_addresses": [],
            "key_name": "nkqa10-key",
            "launch_template": [],
            "metadata_options": [],
            "monitoring": false,
            "network_interface": [],
            "outpost_arn": "",
            "password_data": "",
            "placement_group": "",
            "placement_partition_number": null,
            "primary_network_interface_id": "eni-31fb9c83232f49b785d60294cd6385ee",
            "private_dns": "zadara-io-vm-7.symphony.local",
            "private_ip": "10.10.1.198",
            "public_dns": "",
            "public_ip": "",
            "root_block_device": [
              {
                "delete_on_termination": true,
                "device_name": "/dev/vda",
                "encrypted": false,
                "iops": 0,
                "kms_key_id": "",
                "tags": {
                  "Name": "zadara-io-vm-7"
                },
                "throughput": 0,
                "volume_id": "vol-a5d664cf74704c8ab5edd92ca68941e9",
                "volume_size": 3,
                "volume_type": "gp2"
              }
            ],
            "secondary_private_ips": [],
            "security_groups": [],
            "source_dest_check": true,
            "subnet_id": "subnet-bbff928efa664659bec36494599d194a",
            "tags": {
              "Name": "zadara-io-vm-7"
            },
            "tags_all": {
              "Name": "zadara-io-vm-7"
            },
            "tenancy": "default",
            "timeouts": null,
            "user_data": "03312c5b670000753ec6cdbaacd94c066778f16d",
            "user_data_base64": null,
            "volume_tags": null,
            "vpc_security_group_ids": [
              "sg-a045ba41a81a4cf6a5dcf53a0444867b"
            ]
          },
          "sensitive_attributes": [],
          "identity_schema_version": 0,
          "private": "eyJlMmJmYjczMC1lY2FhLTExZTYtOGY4OC0zNDM2M2JjN2M0YzAiOnsiY3JlYXRlIjo2MDAwMDAwMDAwMDAsImRlbGV0ZSI6MTIwMDAwMDAwMDAwMCwidXBkYXRlIjo2MDAwMDAwMDAwMDB9LCJzY2hlbWFfdmVyc2lvbiI6IjEifQ==",
          "dependencies": [
            "aws_security_group.allow_all",
            "aws_subnet.main",
            "aws_vpc.main"
          ]
        },
        {
          "index_key": 8,
          "schema_version": 1,
          "attributes": {
            "ami": "ami-63107c1d43b54f1d893c7bf4aed42372",
            "arn": "arn:aws:ec2:us-east-1::instance/i-968c1f134a344964b1a60dd1ff25e785",
            "associate_public_ip_address": false,
            "availability_zone": "symphony",
            "capacity_reservation_specification": [],
            "cpu_core_count": null,
            "cpu_threads_per_core": null,
            "credit_specification": [
              {
                "cpu_credits": "standard"
              }
            ],
            "disable_api_termination": false,
            "ebs_block_device": [],
            "ebs_optimized": false,
            "enclave_options": [],
            "ephemeral_block_device": [],
            "get_password_data": false,
            "hibernation": null,
            "host_id": null,
            "iam_instance_profile": "",
            "id": "i-968c1f134a344964b1a60dd1ff25e785",
            "instance_initiated_shutdown_behavior": "stop",
            "instance_state": "running",
            "instance_type": "t3.medium",
            "ipv6_address_count": 0,
            "ipv6_addresses": [],
            "key_name": "nkqa10-key",
            "launch_template": [],
            "metadata_options": [],
            "monitoring": false,
            "network_interface": [],
            "outpost_arn": "",
            "password_data": "",
            "placement_group": "",
            "placement_partition_number": null,
            "primary_network_interface_id": "eni-b5301f7321a9454d9515893d70035ade",
            "private_dns": "zadara-io-vm-8.symphony.local",
            "private_ip": "10.10.1.203",
            "public_dns": "",
            "public_ip": "",
            "root_block_device": [
              {
                "delete_on_termination": true,
                "device_name": "/dev/vda",
                "encrypted": false,
                "iops": 0,
                "kms_key_id": "",
                "tags": {
                  "Name": "zadara-io-vm-8"
                },
                "throughput": 0,
                "volume_id": "vol-c4cfc388cdd244ba9a08342bb158c3dd",
                "volume_size": 3,
                "volume_type": "gp2"
              }
            ],
            "secondary_private_ips": [],
            "security_groups": [],
            "source_dest_check": true,
            "subnet_id": "subnet-bbff928efa664659bec36494599d194a",
            "tags": {
              "Name": "zadara-io-vm-8"
            },
            "tags_all": {
              "Name": "zadara-io-vm-8"
            },
            "tenancy": "default",
            "timeouts": null,
            "user_data": "03312c5b670000753ec6cdbaacd94c066778f16d",
            "user_data_base64": null,
            "volume_tags": null,
            "vpc_security_group_ids": [
              "sg-a045ba41a81a4cf6a5dcf53a0444867b"
            ]
          },
          "sensitive_attributes": [],
          "identity_schema_version": 0,
          "private": "eyJlMmJmYjczMC1lY2FhLTExZTYtOGY4OC0zNDM2M2JjN2M0YzAiOnsiY3JlYXRlIjo2MDAwMDAwMDAwMDAsImRlbGV0ZSI6MTIwMDAwMDAwMDAwMCwidXBkYXRlIjo2MDAwMDAwMDAwMDB9LCJzY2hlbWFfdmVyc2lvbiI6IjEifQ==",
          "dependencies": [
            "aws_security_group.allow_all",
            "aws_subnet.main",
            "aws_vpc.main"
          ]
        },
        {
          "index_key": 9,
          "schema_version": 1,
          "attributes": {
            "ami": "ami-63107c1d43b54f1d893c7bf4aed42372",
            "arn": "arn:aws:ec2:us-east-1::instance/i-2e9820e05e044967a802ecac20d1f614",
            "associate_public_ip_address": false,
            "availability_zone": "symphony",
            "capacity_reservation_specification": [],
            "cpu_core_count": null,
            "cpu_threads_per_core": null,
            "credit_specification": [
              {
                "cpu_credits": "standard"
              }
            ],
            "disable_api_termination": false,
            "ebs_block_device": [],
            "ebs_optimized": false,
            "enclave_options": [],
            "ephemeral_block_device": [],
            "get_password_data": false,
            "hibernation": null,
            "host_id": null,
            "iam_instance_profile": "",
            "id": "i-2e9820e05e044967a802ecac20d1f614",
            "instance_initiated_shutdown_behavior": "stop",
            "instance_state": "running",
            "instance_type": "t3.medium",
            "ipv6_address_count": 0,
            "ipv6_addresses": [],
            "key_name": "nkqa10-key",
            "launch_template": [],
            "metadata_options": [],
            "monitoring": false,
            "network_interface": [],
            "outpost_arn": "",
            "password_data": "",
            "placement_group": "",
            "placement_partition_number": null,
            "primary_network_interface_id": "eni-2d83c07463e34865a59f4e32e5935378",
            "private_dns": "zadara-io-vm-9.symphony.local",
            "private_ip": "10.10.1.248",
            "public_dns": "",
            "public_ip": "",
            "root_block_device": [
              {
                "delete_on_termination": true,
                "device_name": "/dev/vda",
                "encrypted": false,
                "iops": 0,
                "kms_key_id": "",
                "tags": {
                  "Name": "zadara-io-vm-9"
                },
                "throughput": 0,
                "volume_id": "vol-395cdf19ccc54c66aee64f604cc299ef",
                "volume_size": 3,
                "volume_type": "gp2"
              }
            ],
            "secondary_private_ips": [],
            "security_groups": [],
            "source_dest_check": true,
            "subnet_id": "subnet-bbff928efa664659bec36494599d194a",
            "tags": {
              "Name": "zadara-io-vm-9"
            },
            "tags_all": {
              "Name": "zadara-io-vm-9"
            },
            "tenancy": "default",
            "timeouts": null,
            "user_data": "03312c5b670000753ec6cdbaacd94c066778f16d",
            "user_data_base64": null,
            "volume_tags": null,
            "vpc_security_group_ids": [
              "sg-a045ba41a81a4cf6a5dcf53a0444867b"
            ]
          },
          "sensitive_attributes": [],
          "identity_schema_version": 0,
          "private": "eyJlMmJmYjczMC1lY2FhLTExZTYtOGY4OC0zNDM2M2JjN2M0YzAiOnsiY3JlYXRlIjo2MDAwMDAwMDAwMDAsImRlbGV0ZSI6MTIwMDAwMDAwMDAwMCwidXBkYXRlIjo2MDAwMDAwMDAwMDB9LCJzY2hlbWFfdmVyc2lvbiI6IjEifQ==",
          "dependencies": [
            "aws_security_group.allow_all",
            "aws_subnet.main",
            "aws_vpc.main"
          ]
        }
      ]
    },
    {
      "mode": "managed",
      "type": "aws_security_group",
      "name": "allow_all",
      "provider": "provider[\"registry.terraform.io/hashicorp/aws\"]",
      "instances": [
        {
          "schema_version": 1,
          "attributes": {
            "arn": "arn:aws:ec2:us-east-1:0ea7276100f04c2cb0c25c9eb2b59e11:security-group/sg-a045ba41a81a4cf6a5dcf53a0444867b",
            "description": "Managed by Terraform",
            "egress": [
              {
                "cidr_blocks": [
                  "0.0.0.0/0"
                ],
                "description": "",
                "from_port": 0,
                "ipv6_cidr_blocks": [],
                "prefix_list_ids": [],
                "protocol": "-1",
                "security_groups": [],
                "self": false,
                "to_port": 0
              }
            ],
            "id": "sg-a045ba41a81a4cf6a5dcf53a0444867b",
            "ingress": [
              {
                "cidr_blocks": [
                  "0.0.0.0/0"
                ],
                "description": "",
                "from_port": 0,
                "ipv6_cidr_blocks": [],
                "prefix_list_ids": [],
                "protocol": "-1",
                "security_groups": [],
                "self": false,
                "to_port": 0
              }
            ],
            "name": "terraform-20260101125831030900000001",
            "name_prefix": "terraform-",
            "owner_id": "0ea7276100f04c2cb0c25c9eb2b59e11",
            "revoke_rules_on_delete": false,
            "tags": null,
            "tags_all": {},
            "timeouts": null,
            "vpc_id": "vpc-89f6202d4f1447e59b36da7d064d6c5a"
          },
          "sensitive_attributes": [],
          "identity_schema_version": 0,
          "private": "eyJlMmJmYjczMC1lY2FhLTExZTYtOGY4OC0zNDM2M2JjN2M0YzAiOnsiY3JlYXRlIjo2MDAwMDAwMDAwMDAsImRlbGV0ZSI6OTAwMDAwMDAwMDAwfSwic2NoZW1hX3ZlcnNpb24iOiIxIn0=",
          "dependencies": [
            "aws_vpc.main"
          ]
        }
      ]
    },
    {
      "mode": "managed",
      "type": "aws_subnet",
      "name": "main",
      "provider": "provider[\"registry.terraform.io/hashicorp/aws\"]",
      "instances": [
        {
          "schema_version": 1,
          "attributes": {
            "arn": "",
            "assign_ipv6_address_on_creation": false,
            "availability_zone": "symphony",
            "availability_zone_id": "",
            "cidr_block": "10.10.1.0/24",
            "customer_owned_ipv4_pool": "",
            "enable_dns64": false,
            "enable_resource_name_dns_a_record_on_launch": false,
            "enable_resource_name_dns_aaaa_record_on_launch": false,
            "id": "subnet-bbff928efa664659bec36494599d194a",
            "ipv6_cidr_block": "",
            "ipv6_cidr_block_association_id": "",
            "ipv6_native": false,
            "map_customer_owned_ip_on_launch": false,
            "map_public_ip_on_launch": false,
            "outpost_arn": "",
            "owner_id": "",
            "private_dns_hostname_type_on_launch": "",
            "tags": null,
            "tags_all": {},
            "timeouts": null,
            "vpc_id": "vpc-89f6202d4f1447e59b36da7d064d6c5a"
          },
          "sensitive_attributes": [],
          "identity_schema_version": 0,
          "private": "eyJlMmJmYjczMC1lY2FhLTExZTYtOGY4OC0zNDM2M2JjN2M0YzAiOnsiY3JlYXRlIjo2MDAwMDAwMDAwMDAsImRlbGV0ZSI6MTIwMDAwMDAwMDAwMH0sInNjaGVtYV92ZXJzaW9uIjoiMSJ9",
          "dependencies": [
            "aws_vpc.main"
          ]
        }
      ]
    },
    {
      "mode": "managed",
      "type": "aws_volume_attachment",
      "name": "attach",
      "provider": "provider[\"registry.terraform.io/hashicorp/aws\"]",
      "instances": [
        {
          "index_key": 0,
          "schema_version": 0,
          "attributes": {
            "device_name": "/dev/xvdb",
            "force_detach": null,
            "id": "vai-3760573947",
            "instance_id": "i-00332306f5e14bfb9724bc38da9c61b0",
            "skip_destroy": null,
            "stop_instance_before_detaching": null,
            "volume_id": "vol-7cb26b847b204726a1b0bd2e62be1ff7"
          },
          "sensitive_attributes": [],
          "identity_schema_version": 0,
          "private": "bnVsbA==",
          "dependencies": [
            "aws_ebs_volume.data",
            "aws_instance.vm",
            "aws_security_group.allow_all",
            "aws_subnet.main",
            "aws_vpc.main"
          ]
        },
        {
          "index_key": 1,
          "schema_version": 0,
          "attributes": {
            "device_name": "/dev/xvdb",
            "force_detach": null,
            "id": "vai-1111434740",
            "instance_id": "i-abfee9ce7348472bafcbe4a07425d823",
            "skip_destroy": null,
            "stop_instance_before_detaching": null,
            "volume_id": "vol-7529b0795a7d40349e44cc4a81f366ab"
          },
          "sensitive_attributes": [],
          "identity_schema_version": 0,
          "private": "bnVsbA==",
          "dependencies": [
            "aws_ebs_volume.data",
            "aws_instance.vm",
            "aws_security_group.allow_all",
            "aws_subnet.main",
            "aws_vpc.main"
          ]
        },
        {
          "index_key": 2,
          "schema_version": 0,
          "attributes": {
            "device_name": "/dev/xvdb",
            "force_detach": null,
            "id": "vai-1270961758",
            "instance_id": "i-bab04624ed114d35aa044ce7142d1a81",
            "skip_destroy": null,
            "stop_instance_before_detaching": null,
            "volume_id": "vol-1e90f5c3e305466b8d01d584fa65cd52"
          },
          "sensitive_attributes": [],
          "identity_schema_version": 0,
          "private": "bnVsbA==",
          "dependencies": [
            "aws_ebs_volume.data",
            "aws_instance.vm",
            "aws_security_group.allow_all",
            "aws_subnet.main",
            "aws_vpc.main"
          ]
        },
        {
          "index_key": 3,
          "schema_version": 0,
          "attributes": {
            "device_name": "/dev/xvdb",
            "force_detach": null,
            "id": "vai-629296219",
            "instance_id": "i-b3ecfc44274e455abe42436f1641abe0",
            "skip_destroy": null,
            "stop_instance_before_detaching": null,
            "volume_id": "vol-cdb9b82f4bda41b8b1ee9887d55844c6"
          },
          "sensitive_attributes": [],
          "identity_schema_version": 0,
          "private": "bnVsbA==",
          "dependencies": [
            "aws_ebs_volume.data",
            "aws_instance.vm",
            "aws_security_group.allow_all",
            "aws_subnet.main",
            "aws_vpc.main"
          ]
        },
        {
          "index_key": 4,
          "schema_version": 0,
          "attributes": {
            "device_name": "/dev/xvdb",
            "force_detach": null,
            "id": "vai-1840083586",
            "instance_id": "i-a4d6e8b73b634df891f4d30581343a1e",
            "skip_destroy": null,
            "stop_instance_before_detaching": null,
            "volume_id": "vol-baf98a6376f84f3db970b8cf66736e2f"
          },
          "sensitive_attributes": [],
          "identity_schema_version": 0,
          "private": "bnVsbA==",
          "dependencies": [
            "aws_ebs_volume.data",
            "aws_instance.vm",
            "aws_security_group.allow_all",
            "aws_subnet.main",
            "aws_vpc.main"
          ]
        },
        {
          "index_key": 5,
          "schema_version": 0,
          "attributes": {
            "device_name": "/dev/xvdb",
            "force_detach": null,
            "id": "vai-3172405261",
            "instance_id": "i-c4a34b4851744deebd038894ec162c18",
            "skip_destroy": null,
            "stop_instance_before_detaching": null,
            "volume_id": "vol-e86f2b58216e4d8985f01cfff16d3e5e"
          },
          "sensitive_attributes": [],
          "identity_schema_version": 0,
          "private": "bnVsbA==",
          "dependencies": [
            "aws_ebs_volume.data",
            "aws_instance.vm",
            "aws_security_group.allow_all",
            "aws_subnet.main",
            "aws_vpc.main"
          ]
        },
        {
          "index_key": 6,
          "schema_version": 0,
          "attributes": {
            "device_name": "/dev/xvdb",
            "force_detach": null,
            "id": "vai-3712640396",
            "instance_id": "i-9f81f3c147ba445198d3f3fcf9b2125c",
            "skip_destroy": null,
            "stop_instance_before_detaching": null,
            "volume_id": "vol-c6e172070cd04e36ac4b98172c414513"
          },
          "sensitive_attributes": [],
          "identity_schema_version": 0,
          "private": "bnVsbA==",
          "dependencies": [
            "aws_ebs_volume.data",
            "aws_instance.vm",
            "aws_security_group.allow_all",
            "aws_subnet.main",
            "aws_vpc.main"
          ]
        },
        {
          "index_key": 7,
          "schema_version": 0,
          "attributes": {
            "device_name": "/dev/xvdb",
            "force_detach": null,
            "id": "vai-443016621",
            "instance_id": "i-1607ada1f7c9418481b539fd428ecb9d",
            "skip_destroy": null,
            "stop_instance_before_detaching": null,
            "volume_id": "vol-c6e1830c3252435abcb696cd2d9e0889"
          },
          "sensitive_attributes": [],
          "identity_schema_version": 0,
          "private": "bnVsbA==",
          "dependencies": [
            "aws_ebs_volume.data",
            "aws_instance.vm",
            "aws_security_group.allow_all",
            "aws_subnet.main",
            "aws_vpc.main"
          ]
        },
        {
          "index_key": 8,
          "schema_version": 0,
          "attributes": {
            "device_name": "/dev/xvdb",
            "force_detach": null,
            "id": "vai-146746280",
            "instance_id": "i-968c1f134a344964b1a60dd1ff25e785",
            "skip_destroy": null,
            "stop_instance_before_detaching": null,
            "volume_id": "vol-b3ea25b15d944a05a76a4295a7b7fd82"
          },
          "sensitive_attributes": [],
          "identity_schema_version": 0,
          "private": "bnVsbA==",
          "dependencies": [
            "aws_ebs_volume.data",
            "aws_instance.vm",
            "aws_security_group.allow_all",
            "aws_subnet.main",
            "aws_vpc.main"
          ]
        },
        {
          "index_key": 9,
          "schema_version": 0,
          "attributes": {
            "device_name": "/dev/xvdb",
            "force_detach": null,
            "id": "vai-1919932965",
            "instance_id": "i-2e9820e05e044967a802ecac20d1f614",
            "skip_destroy": null,
            "stop_instance_before_detaching": null,
            "volume_id": "vol-e50a533623d1468b94cbcbfc3daaf8f0"
          },
          "sensitive_attributes": [],
          "identity_schema_version": 0,
          "private": "bnVsbA==",
          "dependencies": [
            "aws_ebs_volume.data",
            "aws_instance.vm",
            "aws_security_group.allow_all",
            "aws_subnet.main",
            "aws_vpc.main"
          ]
        }
      ]
    },
    {
      "mode": "managed",
      "type": "aws_vpc",
      "name": "main",
      "provider": "provider[\"registry.terraform.io/hashicorp/aws\"]",
      "instances": [
        {
          "schema_version": 1,
          "attributes": {
            "arn": "arn:aws:ec2:us-east-1::vpc/vpc-89f6202d4f1447e59b36da7d064d6c5a",
            "assign_generated_ipv6_cidr_block": false,
            "cidr_block": "10.10.0.0/16",
            "default_network_acl_id": null,
            "default_route_table_id": "rtb-65b7f599767742a7b1862bff51a18033",
            "default_security_group_id": "sg-0beaa7f03f0f4c579a58be0d598e59dc",
            "dhcp_options_id": "dopt-d46dc3d666d845ec80e39734e5013fc4",
            "enable_classiclink": false,
            "enable_classiclink_dns_support": false,
            "enable_dns_hostnames": false,
            "enable_dns_support": true,
            "id": "vpc-89f6202d4f1447e59b36da7d064d6c5a",
            "instance_tenancy": "default",
            "ipv4_ipam_pool_id": null,
            "ipv4_netmask_length": null,
            "ipv6_association_id": "",
            "ipv6_cidr_block": "",
            "ipv6_cidr_block_network_border_group": "",
            "ipv6_ipam_pool_id": "",
            "ipv6_netmask_length": 0,
            "main_route_table_id": "rtb-65b7f599767742a7b1862bff51a18033",
            "owner_id": "",
            "tags": null,
            "tags_all": {}
          },
          "sensitive_attributes": [],
          "identity_schema_version": 0,
          "private": "eyJzY2hlbWFfdmVyc2lvbiI6IjEifQ=="
        }
      ]
    }
  ],
  "check_results": null
}
